
Microsoft Visual Studio Solution File, Format Version 12.00
# Visual Studio Version 16
VisualStudioVersion = 16.0.29411.108
MinimumVisualStudioVersion = 10.0.40219.1
Project("{FAE04EC0-301F-11D3-BF4B-00C04F79EFBC}") = "HelloWorld.UWP", "HelloWorld\HelloWorld.UWP\HelloWorld.UWP.csproj", "{5A986610-BD08-4FA6-AF9F-6A6DDDFB7F7B}"
EndProject
Project("{FAE04EC0-301F-11D3-BF4B-00C04F79EFBC}") = "HelloWorld.Android", "HelloWorld\HelloWorld.Android\HelloWorld.Android.csproj", "{B4459BF9-68B1-4F77-8BF4-5E3FDCF1E25F}"
EndProject
Project("{FAE04EC0-301F-11D3-BF4B-00C04F79EFBC}") = "HelloWorld.iOS", "HelloWorld\HelloWorld.iOS\HelloWorld.iOS.csproj", "{2FAC66DE-8AFC-4EDD-8121-F3445BE782EB}"
EndProject
Project("{FAE04EC0-301F-11D3-BF4B-00C04F79EFBC}") = "HelloWorld", "HelloWorld\HelloWorld\HelloWorld.csproj", "{93325B7E-2857-4B48-8157-0F2B5D02449F}"
EndProject
Global
	GlobalSection(SolutionConfigurationPlatforms) = preSolution
		Debug|Any CPU = Debug|Any CPU
		Debug|ARM = Debug|ARM
		Debug|iPhone = Debug|iPhone
		Debug|iPhoneSimulator = Debug|iPhoneSimulator
		Debug|x64 = Debug|x64
		Debug|x86 = Debug|x86
		Release|Any CPU = Release|Any CPU
		Release|ARM = Release|ARM
		Release|iPhone = Release|iPhone
		Release|iPhoneSimulator = Release|iPhoneSimulator
		Release|x64 = Release|x64
		Release|x86 = Release|x86
	EndGlobalSection
	GlobalSection(ProjectConfigurationPlatforms) = postSolution
		{5A986610-BD08-4FA6-AF9F-6A6DDDFB7F7B}.Debug|Any CPU.ActiveCfg = Debug|x86
		{5A986610-BD08-4FA6-AF9F-6A6DDDFB7F7B}.Debug|Any CPU.Build.0 = Debug|x86
		{5A986610-BD08-4FA6-AF9F-6A6DDDFB7F7B}.Debug|Any CPU.Deploy.0 = Debug|x86
		{5A986610-BD08-4FA6-AF9F-6A6DDDFB7F7B}.Debug|ARM.ActiveCfg = Debug|ARM
		{5A986610-BD08-4FA6-AF9F-6A6DDDFB7F7B}.Debug|ARM.Build.0 = Debug|ARM
		{5A986610-BD08-4FA6-AF9F-6A6DDDFB7F7B}.Debug|ARM.Deploy.0 = Debug|ARM
		{5A986610-BD08-4FA6-AF9F-6A6DDDFB7F7B}.Debug|iPhone.ActiveCfg = Debug|x86
		{5A986610-BD08-4FA6-AF9F-6A6DDDFB7F7B}.Debug|iPhone.Build.0 = Debug|x86
		{5A986610-BD08-4FA6-AF9F-6A6DDDFB7F7B}.Debug|iPhone.Deploy.0 = Debug|x86
		{5A986610-BD08-4FA6-AF9F-6A6DDDFB7F7B}.Debug|iPhoneSimulator.ActiveCfg = Debug|x86
		{5A986610-BD08-4FA6-AF9F-6A6DDDFB7F7B}.Debug|iPhoneSimulator.Build.0 = Debug|x86
		{5A986610-BD08-4FA6-AF9F-6A6DDDFB7F7B}.Debug|iPhoneSimulator.Deploy.0 = Debug|x86
		{5A986610-BD08-4FA6-AF9F-6A6DDDFB7F7B}.Debug|x64.ActiveCfg = Debug|x64
		{5A986610-BD08-4FA6-AF9F-6A6DDDFB7F7B}.Debug|x64.Build.0 = Debug|x64
		{5A986610-BD08-4FA6-AF9F-6A6DDDFB7F7B}.Debug|x64.Deploy.0 = Debug|x64
		{5A986610-BD08-4FA6-AF9F-6A6DDDFB7F7B}.Debug|x86.ActiveCfg = Debug|x86
		{5A986610-BD08-4FA6-AF9F-6A6DDDFB7F7B}.Debug|x86.Build.0 = Debug|x86
		{5A986610-BD08-4FA6-AF9F-6A6DDDFB7F7B}.Debug|x86.Deploy.0 = Debug|x86
		{5A986610-BD08-4FA6-AF9F-6A6DDDFB7F7B}.Release|Any CPU.ActiveCfg = Release|x86
		{5A986610-BD08-4FA6-AF9F-6A6DDDFB7F7B}.Release|Any CPU.Build.0 = Release|x86
		{5A986610-BD08-4FA6-AF9F-6A6DDDFB7F7B}.Release|Any CPU.Deploy.0 = Release|x86
		{5A986610-BD08-4FA6-AF9F-6A6DDDFB7F7B}.Release|ARM.ActiveCfg = Release|ARM
		{5A986610-BD08-4FA6-AF9F-6A6DDDFB7F7B}.Release|ARM.Build.0 = Release|ARM
		{5A986610-BD08-4FA6-AF9F-6A6DDDFB7F7B}.Release|ARM.Deploy.0 = Release|ARM
		{5A986610-BD08-4FA6-AF9F-6A6DDDFB7F7B}.Release|iPhone.ActiveCfg = Release|x86
		{5A986610-BD08-4FA6-AF9F-6A6DDDFB7F7B}.Release|iPhone.Build.0 = Release|x86
		{5A986610-BD08-4FA6-AF9F-6A6DDDFB7F7B}.Release|iPhone.Deploy.0 = Release|x86
		{5A986610-BD08-4FA6-AF9F-6A6DDDFB7F7B}.Release|iPhoneSimulator.ActiveCfg = Release|x86
		{5A986610-BD08-4FA6-AF9F-6A6DDDFB7F7B}.Release|iPhoneSimulator.Build.0 = Release|x86
		{5A986610-BD08-4FA6-AF9F-6A6DDDFB7F7B}.Release|iPhoneSimulator.Deploy.0 = Release|x86
		{5A986610-BD08-4FA6-AF9F-6A6DDDFB7F7B}.Release|x64.ActiveCfg = Release|x64
		{5A986610-BD08-4FA6-AF9F-6A6DDDFB7F7B}.Release|x64.Build.0 = Release|x64
		{5A986610-BD08-4FA6-AF9F-6A6DDDFB7F7B}.Release|x64.Deploy.0 = Release|x64
		{5A986610-BD08-4FA6-AF9F-6A6DDDFB7F7B}.Release|x86.ActiveCfg = Release|x86
		{5A986610-BD08-4FA6-AF9F-6A6DDDFB7F7B}.Release|x86.Build.0 = Release|x86
		{5A986610-BD08-4FA6-AF9F-6A6DDDFB7F7B}.Release|x86.Deploy.0 = Release|x86
		{B4459BF9-68B1-4F77-8BF4-5E3FDCF1E25F}.Debug|Any CPU.ActiveCfg = Debug|Any CPU
		{B4459BF9-68B1-4F77-8BF4-5E3FDCF1E25F}.Debug|Any CPU.Build.0 = Debug|Any CPU
		{B4459BF9-68B1-4F77-8BF4-5E3FDCF1E25F}.Debug|Any CPU.Deploy.0 = Debug|Any CPU
		{B4459BF9-68B1-4F77-8BF4-5E3FDCF1E25F}.Debug|ARM.ActiveCfg = Debug|Any CPU
		{B4459BF9-68B1-4F77-8BF4-5E3FDCF1E25F}.Debug|ARM.Build.0 = Debug|Any CPU
		{B4459BF9-68B1-4F77-8BF4-5E3FDCF1E25F}.Debug|ARM.Deploy.0 = Debug|Any CPU
		{B4459BF9-68B1-4F77-8BF4-5E3FDCF1E25F}.Debug|iPhone.ActiveCfg = Debug|Any CPU
		{B4459BF9-68B1-4F77-8BF4-5E3FDCF1E25F}.Debug|iPhone.Build.0 = Debug|Any CPU
		{B4459BF9-68B1-4F77-8BF4-5E3FDCF1E25F}.Debug|iPhone.Deploy.0 = Debug|Any CPU
		{B4459BF9-68B1-4F77-8BF4-5E3FDCF1E25F}.Debug|iPhoneSimulator.ActiveCfg = Debug|Any CPU
		{B4459BF9-68B1-4F77-8BF4-5E3FDCF1E25F}.Debug|iPhoneSimulator.Build.0 = Debug|Any CPU
		{B4459BF9-68B1-4F77-8BF4-5E3FDCF1E25F}.Debug|iPhoneSimulator.Deploy.0 = Debug|Any CPU
		{B4459BF9-68B1-4F77-8BF4-5E3FDCF1E25F}.Debug|x64.ActiveCfg = Debug|Any CPU
		{B4459BF9-68B1-4F77-8BF4-5E3FDCF1E25F}.Debug|x64.Build.0 = Debug|Any CPU
		{B4459BF9-68B1-4F77-8BF4-5E3FDCF1E25F}.Debug|x64.Deploy.0 = Debug|Any CPU
		{B4459BF9-68B1-4F77-8BF4-5E3FDCF1E25F}.Debug|x86.ActiveCfg = Debug|Any CPU
		{B4459BF9-68B1-4F77-8BF4-5E3FDCF1E25F}.Debug|x86.Build.0 = Debug|Any CPU
		{B4459BF9-68B1-4F77-8BF4-5E3FDCF1E25F}.Debug|x86.Deploy.0 = Debug|Any CPU
		{B4459BF9-68B1-4F77-8BF4-5E3FDCF1E25F}.Release|Any CPU.ActiveCfg = Release|Any CPU
		{B4459BF9-68B1-4F77-8BF4-5E3FDCF1E25F}.Release|Any CPU.Build.0 = Release|Any CPU
		{B4459BF9-68B1-4F77-8BF4-5E3FDCF1E25F}.Release|Any CPU.Deploy.0 = Release|Any CPU
		{B4459BF9-68B1-4F77-8BF4-5E3FDCF1E25F}.Release|ARM.ActiveCfg = Release|Any CPU
		{B4459BF9-68B1-4F77-8BF4-5E3FDCF1E25F}.Release|ARM.Build.0 = Release|Any CPU
		{B4459BF9-68B1-4F77-8BF4-5E3FDCF1E25F}.Release|ARM.Deploy.0 = Release|Any CPU
		{B4459BF9-68B1-4F77-8BF4-5E3FDCF1E25F}.Release|iPhone.ActiveCfg = Release|Any CPU
		{B4459BF9-68B1-4F77-8BF4-5E3FDCF1E25F}.Release|iPhone.Build.0 = Release|Any CPU
		{B4459BF9-68B1-4F77-8BF4-5E3FDCF1E25F}.Release|iPhone.Deploy.0 = Release|Any CPU
		{B4459BF9-68B1-4F77-8BF4-5E3FDCF1E25F}.Release|iPhoneSimulator.ActiveCfg = Release|Any CPU
		{B4459BF9-68B1-4F77-8BF4-5E3FDCF1E25F}.Release|iPhoneSimulator.Build.0 = Release|Any CPU
		{B4459BF9-68B1-4F77-8BF4-5E3FDCF1E25F}.Release|iPhoneSimulator.Deploy.0 = Release|Any CPU
		{B4459BF9-68B1-4F77-8BF4-5E3FDCF1E25F}.Release|x64.ActiveCfg = Release|Any CPU
		{B4459BF9-68B1-4F77-8BF4-5E3FDCF1E25F}.Release|x64.Build.0 = Release|Any CPU
		{B4459BF9-68B1-4F77-8BF4-5E3FDCF1E25F}.Release|x64.Deploy.0 = Release|Any CPU
		{B4459BF9-68B1-4F77-8BF4-5E3FDCF1E25F}.Release|x86.ActiveCfg = Release|Any CPU
		{B4459BF9-68B1-4F77-8BF4-5E3FDCF1E25F}.Release|x86.Build.0 = Release|Any CPU
		{B4459BF9-68B1-4F77-8BF4-5E3FDCF1E25F}.Release|x86.Deploy.0 = Release|Any CPU
		{2FAC66DE-8AFC-4EDD-8121-F3445BE782EB}.Debug|Any CPU.ActiveCfg = Debug|iPhone
		{2FAC66DE-8AFC-4EDD-8121-F3445BE782EB}.Debug|Any CPU.Build.0 = Debug|iPhone
		{2FAC66DE-8AFC-4EDD-8121-F3445BE782EB}.Debug|Any CPU.Deploy.0 = Debug|iPhone
		{2FAC66DE-8AFC-4EDD-8121-F3445BE782EB}.Debug|ARM.ActiveCfg = Debug|iPhoneSimulator
		{2FAC66DE-8AFC-4EDD-8121-F3445BE782EB}.Debug|ARM.Build.0 = Debug|iPhoneSimulator
		{2FAC66DE-8AFC-4EDD-8121-F3445BE782EB}.Debug|ARM.Deploy.0 = Debug|iPhoneSimulator
		{2FAC66DE-8AFC-4EDD-8121-F3445BE782EB}.Debug|iPhone.ActiveCfg = Debug|iPhone
		{2FAC66DE-8AFC-4EDD-8121-F3445BE782EB}.Debug|iPhone.Build.0 = Debug|iPhone
		{2FAC66DE-8AFC-4EDD-8121-F3445BE782EB}.Debug|iPhone.Deploy.0 = Debug|iPhone
		{2FAC66DE-8AFC-4EDD-8121-F3445BE782EB}.Debug|iPhoneSimulator.ActiveCfg = Debug|iPhoneSimulator
		{2FAC66DE-8AFC-4EDD-8121-F3445BE782EB}.Debug|iPhoneSimulator.Build.0 = Debug|iPhoneSimulator
		{2FAC66DE-8AFC-4EDD-8121-F3445BE782EB}.Debug|iPhoneSimulator.Deploy.0 = Debug|iPhoneSimulator
		{2FAC66DE-8AFC-4EDD-8121-F3445BE782EB}.Debug|x64.ActiveCfg = Debug|iPhone
		{2FAC66DE-8AFC-4EDD-8121-F3445BE782EB}.Debug|x64.Build.0 = Debug|iPhone
		{2FAC66DE-8AFC-4EDD-8121-F3445BE782EB}.Debug|x64.Deploy.0 = Debug|iPhone
		{2FAC66DE-8AFC-4EDD-8121-F3445BE782EB}.Debug|x86.ActiveCfg = Debug|iPhone
		{2FAC66DE-8AFC-4EDD-8121-F3445BE782EB}.Debug|x86.Build.0 = Debug|iPhone
		{2FAC66DE-8AFC-4EDD-8121-F3445BE782EB}.Debug|x86.Deploy.0 = Debug|iPhone
		{2FAC66DE-8AFC-4EDD-8121-F3445BE782EB}.Release|Any CPU.ActiveCfg = Release|iPhone
		{2FAC66DE-8AFC-4EDD-8121-F3445BE782EB}.Release|Any CPU.Build.0 = Release|iPhone
		{2FAC66DE-8AFC-4EDD-8121-F3445BE782EB}.Release|Any CPU.Deploy.0 = Release|iPhone
		{2FAC66DE-8AFC-4EDD-8121-F3445BE782EB}.Release|ARM.ActiveCfg = Release|iPhone
		{2FAC66DE-8AFC-4EDD-8121-F3445BE782EB}.Release|ARM.Build.0 = Release|iPhone
		{2FAC66DE-8AFC-4EDD-8121-F3445BE782EB}.Release|ARM.Deploy.0 = Release|iPhone
		{2FAC66DE-8AFC-4EDD-8121-F3445BE782EB}.Release|iPhone.ActiveCfg = Release|iPhone
		{2FAC66DE-8AFC-4EDD-8121-F3445BE782EB}.Release|iPhone.Build.0 = Release|iPhone
		{2FAC66DE-8AFC-4EDD-8121-F3445BE782EB}.Release|iPhone.Deploy.0 = Release|iPhone
		{2FAC66DE-8AFC-4EDD-8121-F3445BE782EB}.Release|iPhoneSimulator.ActiveCfg = Release|iPhoneSimulator
		{2FAC66DE-8AFC-4EDD-8121-F3445BE782EB}.Release|iPhoneSimulator.Build.0 = Release|iPhoneSimulator
		{2FAC66DE-8AFC-4EDD-8121-F3445BE782EB}.Release|iPhoneSimulator.Deploy.0 = Release|iPhoneSimulator
		{2FAC66DE-8AFC-4EDD-8121-F3445BE782EB}.Release|x64.ActiveCfg = Release|iPhone
		{2FAC66DE-8AFC-4EDD-8121-F3445BE782EB}.Release|x64.Build.0 = Release|iPhone
		{2FAC66DE-8AFC-4EDD-8121-F3445BE782EB}.Release|x64.Deploy.0 = Release|iPhone
		{2FAC66DE-8AFC-4EDD-8121-F3445BE782EB}.Release|x86.ActiveCfg = Release|iPhone
		{2FAC66DE-8AFC-4EDD-8121-F3445BE782EB}.Release|x86.Build.0 = Release|iPhone
		{2FAC66DE-8AFC-4EDD-8121-F3445BE782EB}.Release|x86.Deploy.0 = Release|iPhone
		{93325B7E-2857-4B48-8157-0F2B5D02449F}.Debug|Any CPU.ActiveCfg = Debug|Any CPU
		{93325B7E-2857-4B48-8157-0F2B5D02449F}.Debug|Any CPU.Build.0 = Debug|Any CPU
		{93325B7E-2857-4B48-8157-0F2B5D02449F}.Debug|Any CPU.Deploy.0 = Debug|Any CPU
		{93325B7E-2857-4B48-8157-0F2B5D02449F}.Debug|ARM.ActiveCfg = Debug|Any CPU
		{93325B7E-2857-4B48-8157-0F2B5D02449F}.Debug|ARM.Build.0 = Debug|Any CPU
		{93325B7E-2857-4B48-8157-0F2B5D02449F}.Debug|ARM.Deploy.0 = Debug|Any CPU
		{93325B7E-2857-4B48-8157-0F2B5D02449F}.Debug|iPhone.ActiveCfg = Debug|Any CPU
		{93325B7E-2857-4B48-8157-0F2B5D02449F}.Debug|iPhone.Build.0 = Debug|Any CPU
		{93325B7E-2857-4B48-8157-0F2B5D02449F}.Debug|iPhone.Deploy.0 = Debug|Any CPU
		{93325B7E-2857-4B48-8157-0F2B5D02449F}.Debug|iPhoneSimulator.ActiveCfg = Debug|Any CPU
		{93325B7E-2857-4B48-8157-0F2B5D02449F}.Debug|iPhoneSimulator.Build.0 = Debug|Any CPU
		{93325B7E-2857-4B48-8157-0F2B5D02449F}.Debug|iPhoneSimulator.Deploy.0 = Debug|Any CPU
		{93325B7E-2857-4B48-8157-0F2B5D02449F}.Debug|x64.ActiveCfg = Debug|Any CPU
		{93325B7E-2857-4B48-8157-0F2B5D02449F}.Debug|x64.Build.0 = Debug|Any CPU
		{93325B7E-2857-4B48-8157-0F2B5D02449F}.Debug|x64.Deploy.0 = Debug|Any CPU
		{93325B7E-2857-4B48-8157-0F2B5D02449F}.Debug|x86.ActiveCfg = Debug|Any CPU
		{93325B7E-2857-4B48-8157-0F2B5D02449F}.Debug|x86.Build.0 = Debug|Any CPU
		{93325B7E-2857-4B48-8157-0F2B5D02449F}.Debug|x86.Deploy.0 = Debug|Any CPU
		{93325B7E-2857-4B48-8157-0F2B5D02449F}.Release|Any CPU.ActiveCfg = Release|Any CPU
		{93325B7E-2857-4B48-8157-0F2B5D02449F}.Release|Any CPU.Build.0 = Release|Any CPU
		{93325B7E-2857-4B48-8157-0F2B5D02449F}.Release|Any CPU.Deploy.0 = Release|Any CPU
		{93325B7E-2857-4B48-8157-0F2B5D02449F}.Release|ARM.ActiveCfg = Release|Any CPU
		{93325B7E-2857-4B48-8157-0F2B5D02449F}.Release|ARM.Build.0 = Release|Any CPU
		{93325B7E-2857-4B48-8157-0F2B5D02449F}.Release|ARM.Deploy.0 = Release|Any CPU
		{93325B7E-2857-4B48-8157-0F2B5D02449F}.Release|iPhone.ActiveCfg = Release|Any CPU
		{93325B7E-2857-4B48-8157-0F2B5D02449F}.Release|iPhone.Build.0 = Release|Any CPU
		{93325B7E-2857-4B48-8157-0F2B5D02449F}.Release|iPhone.Deploy.0 = Release|Any CPU
		{93325B7E-2857-4B48-8157-0F2B5D02449F}.Release|iPhoneSimulator.ActiveCfg = Release|Any CPU
		{93325B7E-2857-4B48-8157-0F2B5D02449F}.Release|iPhoneSimulator.Build.0 = Release|Any CPU
		{93325B7E-2857-4B48-8157-0F2B5D02449F}.Release|iPhoneSimulator.Deploy.0 = Release|Any CPU
		{93325B7E-2857-4B48-8157-0F2B5D02449F}.Release|x64.ActiveCfg = Release|Any CPU
		{93325B7E-2857-4B48-8157-0F2B5D02449F}.Release|x64.Build.0 = Release|Any CPU
		{93325B7E-2857-4B48-8157-0F2B5D02449F}.Release|x64.Deploy.0 = Release|Any CPU
		{93325B7E-2857-4B48-8157-0F2B5D02449F}.Release|x86.ActiveCfg = Release|Any CPU
		{93325B7E-2857-4B48-8157-0F2B5D02449F}.Release|x86.Build.0 = Release|Any CPU
		{93325B7E-2857-4B48-8157-0F2B5D02449F}.Release|x86.Deploy.0 = Release|Any CPU
	EndGlobalSection
	GlobalSection(SolutionProperties) = preSolution
		HideSolutionNode = FALSE
	EndGlobalSection
	GlobalSection(ExtensibilityGlobals) = postSolution
		SolutionGuid = {A01B2F93-C765-4278-AE01-EFAF340867A5}
	EndGlobalSection
EndGlobal
